<?xml version="1.0" encoding="utf-8"?>
<Project ToolsVersion="4.0" xmlns="http://schemas.microsoft.com/developer/msbuild/2003">
  <ItemGroup>
    <Filter Include="소스 파일">
      <UniqueIdentifier>{4FC737F1-C7A5-4376-A066-2A32D752A2FF}</UniqueIdentifier>
      <Extensions>cpp;c;cc;cxx;c++;cppm;ixx;def;odl;idl;hpj;bat;asm;asmx</Extensions>
    </Filter>
    <Filter Include="헤더 파일">
      <UniqueIdentifier>{93995380-89BD-4b04-88EB-625FBE52EBFB}</UniqueIdentifier>
      <Extensions>h;hh;hpp;hxx;h++;hm;inl;inc;ipp;xsd</Extensions>
    </Filter>
    <Filter Include="리소스 파일">
      <UniqueIdentifier>{67DA6AB6-F800-4c08-8B7A-83BB121AAD01}</UniqueIdentifier>
      <Extensions>rc;ico;cur;bmp;dlg;rc2;rct;bin;rgs;gif;jpg;jpeg;jpe;resx;tiff;tif;png;wav;mfcribbon-ms</Extensions>
    </Filter>
    <Filter Include="소스 파일\20230525">
      <UniqueIdentifier>{0fc57656-1071-43c7-91fa-92d62165a718}</UniqueIdentifier>
    </Filter>
    <Filter Include="소스 파일\20230526">
      <UniqueIdentifier>{eb892da3-8e5b-44a1-a274-bc0b253c7bbf}</UniqueIdentifier>
    </Filter>
    <Filter Include="소스 파일\20230529">
      <UniqueIdentifier>{38c9956d-565a-4994-999f-9891e4172db7}</UniqueIdentifier>
    </Filter>
    <Filter Include="소스 파일\20230531">
      <UniqueIdentifier>{ab8f4762-3f61-4c4b-8b10-c378b40d6af1}</UniqueIdentifier>
    </Filter>
    <Filter Include="소스 파일\20230601">
      <UniqueIdentifier>{00118edf-5955-489d-ac81-0858637962c6}</UniqueIdentifier>
    </Filter>
    <Filter Include="소스 파일\20230602">
      <UniqueIdentifier>{aa586bb5-b21b-4ab5-a1e7-0e5466d9a5f5}</UniqueIdentifier>
    </Filter>
    <Filter Include="소스 파일\20230605">
      <UniqueIdentifier>{0130afe4-cfe3-4eb5-89ff-b354b1fff226}</UniqueIdentifier>
    </Filter>
    <Filter Include="소스 파일\20230607">
      <UniqueIdentifier>{1549b8df-6d36-4b12-9b67-97f5369272c6}</UniqueIdentifier>
    </Filter>
    <Filter Include="소스 파일\20230608">
      <UniqueIdentifier>{78510365-e608-47cd-bf47-e2945d7ba7eb}</UniqueIdentifier>
    </Filter>
    <Filter Include="소스 파일\20230609">
      <UniqueIdentifier>{61370296-319b-4203-8051-8006d077ae42}</UniqueIdentifier>
    </Filter>
    <Filter Include="소스 파일\20230612">
      <UniqueIdentifier>{e4a913bd-6fec-493c-bf54-a9361fcbf065}</UniqueIdentifier>
    </Filter>
    <Filter Include="소스 파일\20230614">
      <UniqueIdentifier>{d1adb1da-b30f-4a98-a4f7-48ab0516e300}</UniqueIdentifier>
    </Filter>
    <Filter Include="소스 파일\20230615">
      <UniqueIdentifier>{e7770a1e-3979-40a4-b92f-7ec6de9c44dc}</UniqueIdentifier>
    </Filter>
    <Filter Include="소스 파일\20230616">
      <UniqueIdentifier>{8bfb50b1-0f6b-48c5-b4d1-b40cf1f4b973}</UniqueIdentifier>
    </Filter>
    <Filter Include="소스 파일\20230619">
      <UniqueIdentifier>{3dd38c15-baf6-4ecf-9a34-15d6aebefde3}</UniqueIdentifier>
    </Filter>
    <Filter Include="소스 파일\20230621">
      <UniqueIdentifier>{7a5813fd-2573-4e21-b414-026380d153d0}</UniqueIdentifier>
    </Filter>
    <Filter Include="소스 파일\20230622">
      <UniqueIdentifier>{2ac2181d-470b-438e-bf94-596e684c805b}</UniqueIdentifier>
    </Filter>
    <Filter Include="소스 파일\20230623">
      <UniqueIdentifier>{022df674-c13c-4c93-8a9e-59f694cffa86}</UniqueIdentifier>
    </Filter>
    <Filter Include="소스 파일\20230626">
      <UniqueIdentifier>{f5335e53-1fbe-4a36-8a69-f22c481b41c1}</UniqueIdentifier>
    </Filter>
    <Filter Include="소스 파일\20230628">
      <UniqueIdentifier>{4b54f1a5-84a6-46a4-83c5-af5688f7fa5a}</UniqueIdentifier>
    </Filter>
    <Filter Include="소스 파일\20230630">
      <UniqueIdentifier>{23ce7060-3459-403e-beae-cc23e9ccd566}</UniqueIdentifier>
    </Filter>
  </ItemGroup>
  <ItemGroup>
    <ClCompile Include="20230525_Q1.cpp">
      <Filter>소스 파일\20230525</Filter>
    </ClCompile>
    <ClCompile Include="20230525_Q2.cpp">
      <Filter>소스 파일\20230525</Filter>
    </ClCompile>
    <ClCompile Include="20230525_Q3.cpp">
      <Filter>소스 파일\20230525</Filter>
    </ClCompile>
    <ClCompile Include="20230525_Q4.cpp">
      <Filter>소스 파일\20230525</Filter>
    </ClCompile>
    <ClCompile Include="20230526.cpp">
      <Filter>소스 파일\20230526</Filter>
    </ClCompile>
    <ClCompile Include="20230526_Q1.cpp">
      <Filter>소스 파일\20230526</Filter>
    </ClCompile>
    <ClCompile Include="20230526_Q2.cpp">
      <Filter>소스 파일\20230526</Filter>
    </ClCompile>
    <ClCompile Include="20230526_Q3.cpp">
      <Filter>소스 파일\20230526</Filter>
    </ClCompile>
    <ClCompile Include="20230526_Q4.cpp">
      <Filter>소스 파일\20230526</Filter>
    </ClCompile>
    <ClCompile Include="20230531_Q1.cpp">
      <Filter>소스 파일\20230531</Filter>
    </ClCompile>
    <ClCompile Include="20230531_Q2.cpp">
      <Filter>소스 파일\20230531</Filter>
    </ClCompile>
    <ClCompile Include="20230529_Q1.cpp">
      <Filter>소스 파일\20230529</Filter>
    </ClCompile>
    <ClCompile Include="20230529_Q2.cpp">
      <Filter>소스 파일\20230529</Filter>
    </ClCompile>
    <ClCompile Include="20230531.cpp">
      <Filter>소스 파일\20230531</Filter>
    </ClCompile>
    <ClCompile Include="20230531_Q3.cpp">
      <Filter>소스 파일\20230531</Filter>
    </ClCompile>
    <ClCompile Include="20230531_Q4.c">
      <Filter>소스 파일\20230531</Filter>
    </ClCompile>
    <ClCompile Include="20230531_Q5.cpp">
      <Filter>소스 파일\20230531</Filter>
    </ClCompile>
    <ClCompile Include="20230529_Q3.cpp">
      <Filter>소스 파일\20230529</Filter>
    </ClCompile>
    <ClCompile Include="20230601_Q1.cpp">
      <Filter>소스 파일\20230601</Filter>
    </ClCompile>
    <ClCompile Include="20230601_Q2.cpp">
      <Filter>소스 파일\20230601</Filter>
    </ClCompile>
    <ClCompile Include="20230529_Q5.cpp">
      <Filter>소스 파일\20230529</Filter>
    </ClCompile>
    <ClCompile Include="20230601.cpp">
      <Filter>소스 파일\20230601</Filter>
    </ClCompile>
    <ClCompile Include="20230601_Q3.cpp">
      <Filter>소스 파일\20230601</Filter>
    </ClCompile>
    <ClCompile Include="20230601_Q4.cpp">
      <Filter>소스 파일\20230601</Filter>
    </ClCompile>
    <ClCompile Include="20230529_Q4.cpp">
      <Filter>소스 파일\20230529</Filter>
    </ClCompile>
    <ClCompile Include="20230602_Q1.cpp">
      <Filter>소스 파일\20230602</Filter>
    </ClCompile>
    <ClCompile Include="20230602_Q2.cpp">
      <Filter>소스 파일\20230602</Filter>
    </ClCompile>
    <ClCompile Include="20230602.cpp">
      <Filter>소스 파일\20230602</Filter>
    </ClCompile>
    <ClCompile Include="20230602_Q3.cpp">
      <Filter>소스 파일\20230602</Filter>
    </ClCompile>
    <ClCompile Include="20230605_Q1.cpp">
      <Filter>소스 파일\20230605</Filter>
    </ClCompile>
    <ClCompile Include="20230605.cpp">
      <Filter>소스 파일\20230605</Filter>
    </ClCompile>
    <ClCompile Include="20230605_Q2.cpp">
      <Filter>소스 파일\20230605</Filter>
    </ClCompile>
    <ClCompile Include="20230605.c">
      <Filter>소스 파일\20230605</Filter>
    </ClCompile>
    <ClCompile Include="20230605_Q3.cpp">
      <Filter>소스 파일\20230605</Filter>
    </ClCompile>
    <ClCompile Include="20230607_Q1.cpp">
      <Filter>소스 파일\20230607</Filter>
    </ClCompile>
    <ClCompile Include="20230607_Q2.cpp">
      <Filter>소스 파일\20230607</Filter>
    </ClCompile>
    <ClCompile Include="stock00.cpp">
      <Filter>소스 파일\20230607</Filter>
    </ClCompile>
    <ClCompile Include="20230607.cpp">
      <Filter>소스 파일\20230607</Filter>
    </ClCompile>
    <ClCompile Include="stock10.cpp">
      <Filter>소스 파일\20230607</Filter>
    </ClCompile>
    <ClCompile Include="20230607_Q3.cpp">
      <Filter>소스 파일\20230607</Filter>
    </ClCompile>
    <ClCompile Include="20230607_Q4.c">
      <Filter>소스 파일\20230607</Filter>
    </ClCompile>
    <ClCompile Include="IntStack.c">
      <Filter>소스 파일\20230607</Filter>
    </ClCompile>
    <ClCompile Include="20230608_Q1.cpp">
      <Filter>소스 파일\20230608</Filter>
    </ClCompile>
    <ClCompile Include="20230608_Q2.cpp">
      <Filter>소스 파일\20230608</Filter>
    </ClCompile>
    <ClCompile Include="20230608.cpp">
      <Filter>소스 파일\20230608</Filter>
    </ClCompile>
    <ClCompile Include="stock20.cpp">
      <Filter>소스 파일\20230608</Filter>
    </ClCompile>
    <ClCompile Include="20230608_Q3_account.cpp">
      <Filter>소스 파일\20230608</Filter>
    </ClCompile>
    <ClCompile Include="20230608_Q3.cpp">
      <Filter>소스 파일\20230608</Filter>
    </ClCompile>
    <ClCompile Include="20230608_Q3_move.cpp">
      <Filter>소스 파일\20230608</Filter>
    </ClCompile>
    <ClCompile Include="20230608_Q4.cpp">
      <Filter>소스 파일\20230608</Filter>
    </ClCompile>
    <ClCompile Include="20230608_Q4_IntQueue.cpp">
      <Filter>소스 파일\20230608</Filter>
    </ClCompile>
    <ClCompile Include="20230609_Q1.cpp">
      <Filter>소스 파일\20230609</Filter>
    </ClCompile>
    <ClCompile Include="memo.cpp">
      <Filter>소스 파일</Filter>
    </ClCompile>
    <ClCompile Include="20230609.cpp">
      <Filter>소스 파일\20230609</Filter>
    </ClCompile>
    <ClCompile Include="mytime0.cpp">
      <Filter>소스 파일\20230609</Filter>
    </ClCompile>
    <ClCompile Include="20230609_Q2_vector.cpp">
      <Filter>소스 파일\20230609</Filter>
    </ClCompile>
    <ClCompile Include="20230609_Q2.cpp">
      <Filter>소스 파일\20230609</Filter>
    </ClCompile>
    <ClCompile Include="20230609_Q3.cpp">
      <Filter>소스 파일\20230609</Filter>
    </ClCompile>
    <ClCompile Include="20230612_Q1.cpp">
      <Filter>소스 파일\20230612</Filter>
    </ClCompile>
    <ClCompile Include="20230612_Q2_Circle2D.cpp">
      <Filter>소스 파일\20230612</Filter>
    </ClCompile>
    <ClCompile Include="20230612_Q2.cpp">
      <Filter>소스 파일\20230612</Filter>
    </ClCompile>
    <ClCompile Include="20230612_Q3.cpp">
      <Filter>소스 파일\20230612</Filter>
    </ClCompile>
    <ClCompile Include="IntStack.cpp">
      <Filter>소스 파일\20230608</Filter>
    </ClCompile>
    <ClCompile Include="Stack.cpp">
      <Filter>소스 파일</Filter>
    </ClCompile>
    <ClCompile Include="Queue.cpp">
      <Filter>소스 파일</Filter>
    </ClCompile>
    <ClCompile Include="20230614_Q1.cpp">
      <Filter>소스 파일\20230614</Filter>
    </ClCompile>
    <ClCompile Include="20230614_Q1_Rectangle2D.cpp">
      <Filter>소스 파일\20230614</Filter>
    </ClCompile>
    <ClCompile Include="20230614.cpp">
      <Filter>소스 파일\20230614</Filter>
    </ClCompile>
    <ClCompile Include="20230614_strngbad.cpp">
      <Filter>소스 파일\20230614</Filter>
    </ClCompile>
    <ClCompile Include="20230614_Q2.cpp">
      <Filter>소스 파일\20230614</Filter>
    </ClCompile>
    <ClCompile Include="20230614_Q2_MyPoint.cpp">
      <Filter>소스 파일\20230614</Filter>
    </ClCompile>
    <ClCompile Include="20230614_Q3.cpp">
      <Filter>소스 파일\20230614</Filter>
    </ClCompile>
    <ClCompile Include="20230615.cpp">
      <Filter>소스 파일\20230615</Filter>
    </ClCompile>
    <ClCompile Include="20230615_string1.cpp">
      <Filter>소스 파일\20230615</Filter>
    </ClCompile>
    <ClCompile Include="20230615_Q1.cpp">
      <Filter>소스 파일\20230615</Filter>
    </ClCompile>
    <ClCompile Include="20230615_Q2.cpp">
      <Filter>소스 파일\20230615</Filter>
    </ClCompile>
    <ClCompile Include="20230616.cpp">
      <Filter>소스 파일\20230616</Filter>
    </ClCompile>
    <ClCompile Include="20230616_tabtenn1.cpp">
      <Filter>소스 파일\20230616</Filter>
    </ClCompile>
    <ClCompile Include="20230616_dma.cpp">
      <Filter>소스 파일\20230616</Filter>
    </ClCompile>
    <ClCompile Include="20230616_Q1.cpp">
      <Filter>소스 파일\20230616</Filter>
    </ClCompile>
    <ClCompile Include="20230616_Q1_GeometricObject.cpp">
      <Filter>소스 파일\20230616</Filter>
    </ClCompile>
    <ClCompile Include="20230616_Q2.cpp">
      <Filter>소스 파일\20230616</Filter>
    </ClCompile>
    <ClCompile Include="20230619_Q1_StopWatch.cpp">
      <Filter>소스 파일\20230619</Filter>
    </ClCompile>
    <ClCompile Include="20230619_Q1.cpp">
      <Filter>소스 파일\20230619</Filter>
    </ClCompile>
    <ClCompile Include="20230619_worker0.cpp">
      <Filter>소스 파일\20230619</Filter>
    </ClCompile>
    <ClCompile Include="20230619.cpp">
      <Filter>소스 파일\20230619</Filter>
    </ClCompile>
    <ClCompile Include="20230619_stcktp1.cpp">
      <Filter>소스 파일\20230619</Filter>
    </ClCompile>
    <ClCompile Include="20230619_Q2_QueueTp.cpp">
      <Filter>소스 파일\20230619</Filter>
    </ClCompile>
    <ClCompile Include="20230619_workermi.cpp">
      <Filter>소스 파일\20230619</Filter>
    </ClCompile>
    <ClCompile Include="20230619_Q3.cpp">
      <Filter>소스 파일\20230619</Filter>
    </ClCompile>
    <ClCompile Include="20230621_Q1.cpp">
      <Filter>소스 파일\20230621</Filter>
    </ClCompile>
    <ClCompile Include="20230621_Q1_.cpp">
      <Filter>소스 파일\20230621</Filter>
    </ClCompile>
    <ClCompile Include="20230621_Tv.cpp">
      <Filter>소스 파일\20230621</Filter>
    </ClCompile>
    <ClCompile Include="20230621.cpp">
      <Filter>소스 파일\20230621</Filter>
    </ClCompile>
    <ClCompile Include="20230621_exc_mean.cpp">
      <Filter>소스 파일\20230621</Filter>
    </ClCompile>
    <ClCompile Include="20230621_Q2.cpp">
      <Filter>소스 파일\20230621</Filter>
    </ClCompile>
    <ClCompile Include="20230622_Q1.cpp">
      <Filter>소스 파일\20230622</Filter>
    </ClCompile>
    <ClCompile Include="20230622.cpp">
      <Filter>소스 파일\20230622</Filter>
    </ClCompile>
    <ClCompile Include="20230622_Q2.cpp">
      <Filter>소스 파일\20230622</Filter>
    </ClCompile>
    <ClCompile Include="20230623.cpp">
      <Filter>소스 파일\20230623</Filter>
    </ClCompile>
    <ClCompile Include="20230623_Q1.cpp">
      <Filter>소스 파일\20230623</Filter>
    </ClCompile>
    <ClCompile Include="20230623_Q2Q3.cpp">
      <Filter>소스 파일\20230623</Filter>
    </ClCompile>
    <ClCompile Include="20230626_Q1Q2.cpp">
      <Filter>소스 파일\20230626</Filter>
    </ClCompile>
    <ClCompile Include="20230626_Q3.cpp">
      <Filter>소스 파일\20230626</Filter>
    </ClCompile>
    <ClCompile Include="20230628_Q5.cpp">
      <Filter>소스 파일\20230628</Filter>
    </ClCompile>
    <ClCompile Include="20230630_Q1.cpp">
      <Filter>소스 파일\20230630</Filter>
    </ClCompile>
  </ItemGroup>
  <ItemGroup>
    <ClInclude Include="stock10.h">
      <Filter>헤더 파일</Filter>
    </ClInclude>
    <ClInclude Include="stock00.h">
      <Filter>헤더 파일</Filter>
    </ClInclude>
    <ClInclude Include="IntStack.h">
      <Filter>헤더 파일</Filter>
    </ClInclude>
    <ClInclude Include="stock20.h">
      <Filter>헤더 파일</Filter>
    </ClInclude>
    <ClInclude Include="20230608_Q3_account.h">
      <Filter>헤더 파일</Filter>
    </ClInclude>
    <ClInclude Include="20230608_Q3_move.h">
      <Filter>헤더 파일</Filter>
    </ClInclude>
    <ClInclude Include="20230608_Q4_IntQueue.h">
      <Filter>헤더 파일</Filter>
    </ClInclude>
    <ClInclude Include="mytime0.h">
      <Filter>헤더 파일</Filter>
    </ClInclude>
    <ClInclude Include="20230609_Q2_vector.h">
      <Filter>헤더 파일</Filter>
    </ClInclude>
    <ClInclude Include="20230612_Q2_Circle2D.h">
      <Filter>헤더 파일</Filter>
    </ClInclude>
    <ClInclude Include="Stack.h">
      <Filter>헤더 파일</Filter>
    </ClInclude>
    <ClInclude Include="Queue.h">
      <Filter>헤더 파일</Filter>
    </ClInclude>
    <ClInclude Include="20230614_Q1_Rectangle2D.h">
      <Filter>헤더 파일</Filter>
    </ClInclude>
    <ClInclude Include="20230614_strngbad.h">
      <Filter>헤더 파일</Filter>
    </ClInclude>
    <ClInclude Include="20230614_Q2_MyPoint.h">
      <Filter>헤더 파일</Filter>
    </ClInclude>
    <ClInclude Include="20230615_string1.h">
      <Filter>헤더 파일</Filter>
    </ClInclude>
    <ClInclude Include="20230616_tabtenn1.h">
      <Filter>헤더 파일</Filter>
    </ClInclude>
    <ClInclude Include="20230616_dma.h">
      <Filter>헤더 파일</Filter>
    </ClInclude>
    <ClInclude Include="20230616_Q1_GeometricObject.h">
      <Filter>헤더 파일</Filter>
    </ClInclude>
    <ClInclude Include="20230619_Q1_StopWatch.h">
      <Filter>헤더 파일</Filter>
    </ClInclude>
    <ClInclude Include="20230619_worker0.h">
      <Filter>헤더 파일</Filter>
    </ClInclude>
    <ClInclude Include="20230619_stcktp1.h">
      <Filter>헤더 파일</Filter>
    </ClInclude>
    <ClInclude Include="20230619_Q2_QueueTp.h">
      <Filter>헤더 파일</Filter>
    </ClInclude>
    <ClInclude Include="20230619_workermi.h">
      <Filter>헤더 파일</Filter>
    </ClInclude>
    <ClInclude Include="20230621_Tv.h">
      <Filter>헤더 파일</Filter>
    </ClInclude>
    <ClInclude Include="20230621_queuetp.h">
      <Filter>헤더 파일</Filter>
    </ClInclude>
    <ClInclude Include="20230621_exc_mean.h">
      <Filter>헤더 파일</Filter>
    </ClInclude>
  </ItemGroup>
</Project>